// !$*UTF8*$!
{
	archiveVersion = 1;
	classes = {
	};
	objectVersion = 50;
	objects = {

/* Begin PBXBuildFile section */
		4753F78A2473B1FB00564746 /* AppDelegate.swift in Sources */ = {isa = PBXBuildFile; fileRef = 4753F7892473B1FB00564746 /* AppDelegate.swift */; };
		4753F78C2473B1FB00564746 /* SceneDelegate.swift in Sources */ = {isa = PBXBuildFile; fileRef = 4753F78B2473B1FB00564746 /* SceneDelegate.swift */; };
		4753F7902473B1FE00564746 /* Assets.xcassets in Resources */ = {isa = PBXBuildFile; fileRef = 4753F78F2473B1FE00564746 /* Assets.xcassets */; };
		4753F7932473B1FE00564746 /* Preview Assets.xcassets in Resources */ = {isa = PBXBuildFile; fileRef = 4753F7922473B1FE00564746 /* Preview Assets.xcassets */; };
		4753F7962473B1FE00564746 /* LaunchScreen.storyboard in Resources */ = {isa = PBXBuildFile; fileRef = 4753F7942473B1FE00564746 /* LaunchScreen.storyboard */; };
		4753F79F2473B29C00564746 /* R.json in Resources */ = {isa = PBXBuildFile; fileRef = 4753F79E2473B29C00564746 /* R.json */; };
		4753F7A62473B45300564746 /* jsonData.swift in Sources */ = {isa = PBXBuildFile; fileRef = 4753F7A52473B45300564746 /* jsonData.swift */; };
		4753F7A82473B4C900564746 /* colorData.swift in Sources */ = {isa = PBXBuildFile; fileRef = 4753F7A72473B4C900564746 /* colorData.swift */; };
		4753F7AC2473C35800564746 /* ColorTableRow.swift in Sources */ = {isa = PBXBuildFile; fileRef = 4753F7AB2473C35800564746 /* ColorTableRow.swift */; };
		4753F7B62473CD3B00564746 /* YR.json in Resources */ = {isa = PBXBuildFile; fileRef = 4753F7B52473CD3B00564746 /* YR.json */; };
		4753F7C0247423E300564746 /* Y.json in Resources */ = {isa = PBXBuildFile; fileRef = 4753F7BF247423E300564746 /* Y.json */; };
		4753F7C22475009000564746 /* GY.json in Resources */ = {isa = PBXBuildFile; fileRef = 4753F7C12475009000564746 /* GY.json */; };
		4753F7C4247529CB00564746 /* G.json in Resources */ = {isa = PBXBuildFile; fileRef = 4753F7C3247529CB00564746 /* G.json */; };
		4753F7C6247547C500564746 /* BG.json in Resources */ = {isa = PBXBuildFile; fileRef = 4753F7C5247547C500564746 /* BG.json */; };
		4753F7C82475C07E00564746 /* B.json in Resources */ = {isa = PBXBuildFile; fileRef = 4753F7C72475C07E00564746 /* B.json */; };
		4753F7CA2475FA0D00564746 /* PB.json in Resources */ = {isa = PBXBuildFile; fileRef = 4753F7C92475FA0D00564746 /* PB.json */; };
		4753F7F624764F9600564746 /* Main.swift in Sources */ = {isa = PBXBuildFile; fileRef = 4753F7F524764F9600564746 /* Main.swift */; };
		47581BEA247A58B50042FFED /* ColorDetail.swift in Sources */ = {isa = PBXBuildFile; fileRef = 47581BE9247A58B50042FFED /* ColorDetail.swift */; };
		476A0110247891B300982DD9 /* EnvironmentClass.swift in Sources */ = {isa = PBXBuildFile; fileRef = 476A010F247891B300982DD9 /* EnvironmentClass.swift */; };
		477EE2E1247BC5E400BE6BDD /* ColorValue.swift in Sources */ = {isa = PBXBuildFile; fileRef = 477EE2E0247BC5E400BE6BDD /* ColorValue.swift */; };
		477EE2E3247BCA4800BE6BDD /* MunsellColorTable.swift in Sources */ = {isa = PBXBuildFile; fileRef = 477EE2E2247BCA4800BE6BDD /* MunsellColorTable.swift */; };
		47F32888247CDEF40051AF47 /* ColorCell.swift in Sources */ = {isa = PBXBuildFile; fileRef = 47F32887247CDEF40051AF47 /* ColorCell.swift */; };
		47F3288A247CEF250051AF47 /* Tab.swift in Sources */ = {isa = PBXBuildFile; fileRef = 47F32889247CEF250051AF47 /* Tab.swift */; };
		47F3288C247CF0A50051AF47 /* MainList.swift in Sources */ = {isa = PBXBuildFile; fileRef = 47F3288B247CF0A50051AF47 /* MainList.swift */; };
		47F32890247DFC7B0051AF47 /* ListRow.swift in Sources */ = {isa = PBXBuildFile; fileRef = 47F3288F247DFC7B0051AF47 /* ListRow.swift */; };
		47F328962481F2C70051AF47 /* Gradation.swift in Sources */ = {isa = PBXBuildFile; fileRef = 47F328952481F2C70051AF47 /* Gradation.swift */; };
		47F328B92482326C0051AF47 /* 7.5B.jpg in Resources */ = {isa = PBXBuildFile; fileRef = 47F328992482326B0051AF47 /* 7.5B.jpg */; };
		47F328BA2482326C0051AF47 /* 10B.jpg in Resources */ = {isa = PBXBuildFile; fileRef = 47F3289A2482326B0051AF47 /* 10B.jpg */; };
		47F328BB2482326C0051AF47 /* 10GY.jpg in Resources */ = {isa = PBXBuildFile; fileRef = 47F3289B2482326B0051AF47 /* 10GY.jpg */; };
		47F328BC2482326C0051AF47 /* 2.5GY.jpg in Resources */ = {isa = PBXBuildFile; fileRef = 47F3289C2482326B0051AF47 /* 2.5GY.jpg */; };
		47F328BD2482326C0051AF47 /* 10BG.jpg in Resources */ = {isa = PBXBuildFile; fileRef = 47F3289D2482326B0051AF47 /* 10BG.jpg */; };
		47F328BE2482326C0051AF47 /* 7.5PB.jpg in Resources */ = {isa = PBXBuildFile; fileRef = 47F3289E2482326B0051AF47 /* 7.5PB.jpg */; };
		47F328BF2482326C0051AF47 /* 7.5R.jpg in Resources */ = {isa = PBXBuildFile; fileRef = 47F3289F2482326B0051AF47 /* 7.5R.jpg */; };
		47F328C02482326C0051AF47 /* 7.5G.jpg in Resources */ = {isa = PBXBuildFile; fileRef = 47F328A02482326B0051AF47 /* 7.5G.jpg */; };
		47F328C12482326C0051AF47 /* 2.5PB.jpg in Resources */ = {isa = PBXBuildFile; fileRef = 47F328A12482326B0051AF47 /* 2.5PB.jpg */; };
		47F328C22482326C0051AF47 /* 2.5B.jpg in Resources */ = {isa = PBXBuildFile; fileRef = 47F328A22482326B0051AF47 /* 2.5B.jpg */; };
		47F328C32482326C0051AF47 /* 7.5GY.jpg in Resources */ = {isa = PBXBuildFile; fileRef = 47F328A32482326B0051AF47 /* 7.5GY.jpg */; };
		47F328C42482326C0051AF47 /* 5B.jpg in Resources */ = {isa = PBXBuildFile; fileRef = 47F328A42482326B0051AF47 /* 5B.jpg */; };
		47F328C52482326C0051AF47 /* 7.5YR.jpg in Resources */ = {isa = PBXBuildFile; fileRef = 47F328A52482326B0051AF47 /* 7.5YR.jpg */; };
		47F328C62482326C0051AF47 /* 10YR.jpg in Resources */ = {isa = PBXBuildFile; fileRef = 47F328A62482326B0051AF47 /* 10YR.jpg */; };
		47F328C72482326C0051AF47 /* 5R.jpg in Resources */ = {isa = PBXBuildFile; fileRef = 47F328A72482326B0051AF47 /* 5R.jpg */; };
		47F328C82482326C0051AF47 /* 7.5Y.jpg in Resources */ = {isa = PBXBuildFile; fileRef = 47F328A82482326B0051AF47 /* 7.5Y.jpg */; };
		47F328C92482326C0051AF47 /* 7.5BG.jpg in Resources */ = {isa = PBXBuildFile; fileRef = 47F328A92482326B0051AF47 /* 7.5BG.jpg */; };
		47F328CA2482326C0051AF47 /* 2.5YR.jpg in Resources */ = {isa = PBXBuildFile; fileRef = 47F328AA2482326B0051AF47 /* 2.5YR.jpg */; };
		47F328CB2482326C0051AF47 /* 5YR.jpg in Resources */ = {isa = PBXBuildFile; fileRef = 47F328AB2482326C0051AF47 /* 5YR.jpg */; };
		47F328CC2482326C0051AF47 /* 5Y.jpg in Resources */ = {isa = PBXBuildFile; fileRef = 47F328AC2482326C0051AF47 /* 5Y.jpg */; };
		47F328CD2482326C0051AF47 /* 2.5Y.jpg in Resources */ = {isa = PBXBuildFile; fileRef = 47F328AD2482326C0051AF47 /* 2.5Y.jpg */; };
		47F328CE2482326C0051AF47 /* 2.5R.jpg in Resources */ = {isa = PBXBuildFile; fileRef = 47F328AE2482326C0051AF47 /* 2.5R.jpg */; };
		47F328CF2482326C0051AF47 /* 10Y.jpg in Resources */ = {isa = PBXBuildFile; fileRef = 47F328AF2482326C0051AF47 /* 10Y.jpg */; };
		47F328D02482326C0051AF47 /* 5BG.jpg in Resources */ = {isa = PBXBuildFile; fileRef = 47F328B02482326C0051AF47 /* 5BG.jpg */; };
		47F328D12482326C0051AF47 /* 10G.jpg in Resources */ = {isa = PBXBuildFile; fileRef = 47F328B12482326C0051AF47 /* 10G.jpg */; };
		47F328D22482326C0051AF47 /* 2.5BG.jpg in Resources */ = {isa = PBXBuildFile; fileRef = 47F328B22482326C0051AF47 /* 2.5BG.jpg */; };
		47F328D32482326C0051AF47 /* 2.5G.jpg in Resources */ = {isa = PBXBuildFile; fileRef = 47F328B32482326C0051AF47 /* 2.5G.jpg */; };
		47F328D42482326C0051AF47 /* 5G.jpg in Resources */ = {isa = PBXBuildFile; fileRef = 47F328B42482326C0051AF47 /* 5G.jpg */; };
		47F328D52482326C0051AF47 /* 10PB.jpg in Resources */ = {isa = PBXBuildFile; fileRef = 47F328B52482326C0051AF47 /* 10PB.jpg */; };
		47F328D62482326C0051AF47 /* 5PB.jpg in Resources */ = {isa = PBXBuildFile; fileRef = 47F328B62482326C0051AF47 /* 5PB.jpg */; };
		47F328D72482326C0051AF47 /* 10R.jpg in Resources */ = {isa = PBXBuildFile; fileRef = 47F328B72482326C0051AF47 /* 10R.jpg */; };
		47F328D82482326C0051AF47 /* 5GY.jpg in Resources */ = {isa = PBXBuildFile; fileRef = 47F328B82482326C0051AF47 /* 5GY.jpg */; };
		47F328DA248326870051AF47 /* MainSlider.swift in Sources */ = {isa = PBXBuildFile; fileRef = 47F328D9248326870051AF47 /* MainSlider.swift */; };
		47F328DC2483349A0051AF47 /* RGBRectangle.swift in Sources */ = {isa = PBXBuildFile; fileRef = 47F328DB2483349A0051AF47 /* RGBRectangle.swift */; };
		47F328DE248351360051AF47 /* SaveButton.swift in Sources */ = {isa = PBXBuildFile; fileRef = 47F328DD248351360051AF47 /* SaveButton.swift */; };
		47F328E02483629E0051AF47 /* ColorSlider.swift in Sources */ = {isa = PBXBuildFile; fileRef = 47F328DF2483629E0051AF47 /* ColorSlider.swift */; };
/* End PBXBuildFile section */

/* Begin PBXFileReference section */
		4753F7862473B1FB00564746 /* ColorDesignApp.app */ = {isa = PBXFileReference; explicitFileType = wrapper.application; includeInIndex = 0; path = ColorDesignApp.app; sourceTree = BUILT_PRODUCTS_DIR; };
		4753F7892473B1FB00564746 /* AppDelegate.swift */ = {isa = PBXFileReference; lastKnownFileType = sourcecode.swift; path = AppDelegate.swift; sourceTree = "<group>"; };
		4753F78B2473B1FB00564746 /* SceneDelegate.swift */ = {isa = PBXFileReference; lastKnownFileType = sourcecode.swift; path = SceneDelegate.swift; sourceTree = "<group>"; };
		4753F78F2473B1FE00564746 /* Assets.xcassets */ = {isa = PBXFileReference; lastKnownFileType = folder.assetcatalog; path = Assets.xcassets; sourceTree = "<group>"; };
		4753F7922473B1FE00564746 /* Preview Assets.xcassets */ = {isa = PBXFileReference; lastKnownFileType = folder.assetcatalog; path = "Preview Assets.xcassets"; sourceTree = "<group>"; };
		4753F7952473B1FE00564746 /* Base */ = {isa = PBXFileReference; lastKnownFileType = file.storyboard; name = Base; path = Base.lproj/LaunchScreen.storyboard; sourceTree = "<group>"; };
		4753F7972473B1FE00564746 /* Info.plist */ = {isa = PBXFileReference; lastKnownFileType = text.plist.xml; path = Info.plist; sourceTree = "<group>"; };
		4753F79E2473B29C00564746 /* R.json */ = {isa = PBXFileReference; lastKnownFileType = text.json; path = R.json; sourceTree = "<group>"; };
		4753F7A52473B45300564746 /* jsonData.swift */ = {isa = PBXFileReference; fileEncoding = 4; lastKnownFileType = sourcecode.swift; path = jsonData.swift; sourceTree = "<group>"; };
		4753F7A72473B4C900564746 /* colorData.swift */ = {isa = PBXFileReference; fileEncoding = 4; lastKnownFileType = sourcecode.swift; path = colorData.swift; sourceTree = "<group>"; };
		4753F7AB2473C35800564746 /* ColorTableRow.swift */ = {isa = PBXFileReference; fileEncoding = 4; lastKnownFileType = sourcecode.swift; path = ColorTableRow.swift; sourceTree = "<group>"; };
		4753F7B52473CD3B00564746 /* YR.json */ = {isa = PBXFileReference; lastKnownFileType = text.json; path = YR.json; sourceTree = "<group>"; };
		4753F7BF247423E300564746 /* Y.json */ = {isa = PBXFileReference; lastKnownFileType = text.json; path = Y.json; sourceTree = "<group>"; };
		4753F7C12475009000564746 /* GY.json */ = {isa = PBXFileReference; lastKnownFileType = text.json; path = GY.json; sourceTree = "<group>"; };
		4753F7C3247529CB00564746 /* G.json */ = {isa = PBXFileReference; lastKnownFileType = text.json; path = G.json; sourceTree = "<group>"; };
		4753F7C5247547C500564746 /* BG.json */ = {isa = PBXFileReference; lastKnownFileType = text.json; path = BG.json; sourceTree = "<group>"; };
		4753F7C72475C07E00564746 /* B.json */ = {isa = PBXFileReference; lastKnownFileType = text.json; path = B.json; sourceTree = "<group>"; };
		4753F7C92475FA0D00564746 /* PB.json */ = {isa = PBXFileReference; lastKnownFileType = text.json; path = PB.json; sourceTree = "<group>"; };
		4753F7F524764F9600564746 /* Main.swift */ = {isa = PBXFileReference; lastKnownFileType = sourcecode.swift; path = Main.swift; sourceTree = "<group>"; };
		47581BE9247A58B50042FFED /* ColorDetail.swift */ = {isa = PBXFileReference; lastKnownFileType = sourcecode.swift; path = ColorDetail.swift; sourceTree = "<group>"; };
		476A010F247891B300982DD9 /* EnvironmentClass.swift */ = {isa = PBXFileReference; lastKnownFileType = sourcecode.swift; path = EnvironmentClass.swift; sourceTree = "<group>"; };
		477EE2E0247BC5E400BE6BDD /* ColorValue.swift */ = {isa = PBXFileReference; lastKnownFileType = sourcecode.swift; path = ColorValue.swift; sourceTree = "<group>"; };
		477EE2E2247BCA4800BE6BDD /* MunsellColorTable.swift */ = {isa = PBXFileReference; lastKnownFileType = sourcecode.swift; path = MunsellColorTable.swift; sourceTree = "<group>"; };
		47F32887247CDEF40051AF47 /* ColorCell.swift */ = {isa = PBXFileReference; lastKnownFileType = sourcecode.swift; path = ColorCell.swift; sourceTree = "<group>"; };
		47F32889247CEF250051AF47 /* Tab.swift */ = {isa = PBXFileReference; lastKnownFileType = sourcecode.swift; path = Tab.swift; sourceTree = "<group>"; };
		47F3288B247CF0A50051AF47 /* MainList.swift */ = {isa = PBXFileReference; lastKnownFileType = sourcecode.swift; path = MainList.swift; sourceTree = "<group>"; };
		47F3288F247DFC7B0051AF47 /* ListRow.swift */ = {isa = PBXFileReference; lastKnownFileType = sourcecode.swift; path = ListRow.swift; sourceTree = "<group>"; };
		47F328952481F2C70051AF47 /* Gradation.swift */ = {isa = PBXFileReference; lastKnownFileType = sourcecode.swift; path = Gradation.swift; sourceTree = "<group>"; };
		47F328992482326B0051AF47 /* 7.5B.jpg */ = {isa = PBXFileReference; lastKnownFileType = image.jpeg; path = 7.5B.jpg; sourceTree = "<group>"; };
		47F3289A2482326B0051AF47 /* 10B.jpg */ = {isa = PBXFileReference; lastKnownFileType = image.jpeg; path = 10B.jpg; sourceTree = "<group>"; };
		47F3289B2482326B0051AF47 /* 10GY.jpg */ = {isa = PBXFileReference; lastKnownFileType = image.jpeg; path = 10GY.jpg; sourceTree = "<group>"; };
		47F3289C2482326B0051AF47 /* 2.5GY.jpg */ = {isa = PBXFileReference; lastKnownFileType = image.jpeg; path = 2.5GY.jpg; sourceTree = "<group>"; };
		47F3289D2482326B0051AF47 /* 10BG.jpg */ = {isa = PBXFileReference; lastKnownFileType = image.jpeg; path = 10BG.jpg; sourceTree = "<group>"; };
		47F3289E2482326B0051AF47 /* 7.5PB.jpg */ = {isa = PBXFileReference; lastKnownFileType = image.jpeg; path = 7.5PB.jpg; sourceTree = "<group>"; };
		47F3289F2482326B0051AF47 /* 7.5R.jpg */ = {isa = PBXFileReference; lastKnownFileType = image.jpeg; path = 7.5R.jpg; sourceTree = "<group>"; };
		47F328A02482326B0051AF47 /* 7.5G.jpg */ = {isa = PBXFileReference; lastKnownFileType = image.jpeg; path = 7.5G.jpg; sourceTree = "<group>"; };
		47F328A12482326B0051AF47 /* 2.5PB.jpg */ = {isa = PBXFileReference; lastKnownFileType = image.jpeg; path = 2.5PB.jpg; sourceTree = "<group>"; };
		47F328A22482326B0051AF47 /* 2.5B.jpg */ = {isa = PBXFileReference; lastKnownFileType = image.jpeg; path = 2.5B.jpg; sourceTree = "<group>"; };
		47F328A32482326B0051AF47 /* 7.5GY.jpg */ = {isa = PBXFileReference; lastKnownFileType = image.jpeg; path = 7.5GY.jpg; sourceTree = "<group>"; };
		47F328A42482326B0051AF47 /* 5B.jpg */ = {isa = PBXFileReference; lastKnownFileType = image.jpeg; path = 5B.jpg; sourceTree = "<group>"; };
		47F328A52482326B0051AF47 /* 7.5YR.jpg */ = {isa = PBXFileReference; lastKnownFileType = image.jpeg; path = 7.5YR.jpg; sourceTree = "<group>"; };
		47F328A62482326B0051AF47 /* 10YR.jpg */ = {isa = PBXFileReference; lastKnownFileType = image.jpeg; path = 10YR.jpg; sourceTree = "<group>"; };
		47F328A72482326B0051AF47 /* 5R.jpg */ = {isa = PBXFileReference; lastKnownFileType = image.jpeg; path = 5R.jpg; sourceTree = "<group>"; };
		47F328A82482326B0051AF47 /* 7.5Y.jpg */ = {isa = PBXFileReference; lastKnownFileType = image.jpeg; path = 7.5Y.jpg; sourceTree = "<group>"; };
		47F328A92482326B0051AF47 /* 7.5BG.jpg */ = {isa = PBXFileReference; lastKnownFileType = image.jpeg; path = 7.5BG.jpg; sourceTree = "<group>"; };
		47F328AA2482326B0051AF47 /* 2.5YR.jpg */ = {isa = PBXFileReference; lastKnownFileType = image.jpeg; path = 2.5YR.jpg; sourceTree = "<group>"; };
		47F328AB2482326C0051AF47 /* 5YR.jpg */ = {isa = PBXFileReference; lastKnownFileType = image.jpeg; path = 5YR.jpg; sourceTree = "<group>"; };
		47F328AC2482326C0051AF47 /* 5Y.jpg */ = {isa = PBXFileReference; lastKnownFileType = image.jpeg; path = 5Y.jpg; sourceTree = "<group>"; };
		47F328AD2482326C0051AF47 /* 2.5Y.jpg */ = {isa = PBXFileReference; lastKnownFileType = image.jpeg; path = 2.5Y.jpg; sourceTree = "<group>"; };
		47F328AE2482326C0051AF47 /* 2.5R.jpg */ = {isa = PBXFileReference; lastKnownFileType = image.jpeg; path = 2.5R.jpg; sourceTree = "<group>"; };
		47F328AF2482326C0051AF47 /* 10Y.jpg */ = {isa = PBXFileReference; lastKnownFileType = image.jpeg; path = 10Y.jpg; sourceTree = "<group>"; };
		47F328B02482326C0051AF47 /* 5BG.jpg */ = {isa = PBXFileReference; lastKnownFileType = image.jpeg; path = 5BG.jpg; sourceTree = "<group>"; };
		47F328B12482326C0051AF47 /* 10G.jpg */ = {isa = PBXFileReference; lastKnownFileType = image.jpeg; path = 10G.jpg; sourceTree = "<group>"; };
		47F328B22482326C0051AF47 /* 2.5BG.jpg */ = {isa = PBXFileReference; lastKnownFileType = image.jpeg; path = 2.5BG.jpg; sourceTree = "<group>"; };
		47F328B32482326C0051AF47 /* 2.5G.jpg */ = {isa = PBXFileReference; lastKnownFileType = image.jpeg; path = 2.5G.jpg; sourceTree = "<group>"; };
		47F328B42482326C0051AF47 /* 5G.jpg */ = {isa = PBXFileReference; lastKnownFileType = image.jpeg; path = 5G.jpg; sourceTree = "<group>"; };
		47F328B52482326C0051AF47 /* 10PB.jpg */ = {isa = PBXFileReference; lastKnownFileType = image.jpeg; path = 10PB.jpg; sourceTree = "<group>"; };
		47F328B62482326C0051AF47 /* 5PB.jpg */ = {isa = PBXFileReference; lastKnownFileType = image.jpeg; path = 5PB.jpg; sourceTree = "<group>"; };
		47F328B72482326C0051AF47 /* 10R.jpg */ = {isa = PBXFileReference; lastKnownFileType = image.jpeg; path = 10R.jpg; sourceTree = "<group>"; };
		47F328B82482326C0051AF47 /* 5GY.jpg */ = {isa = PBXFileReference; lastKnownFileType = image.jpeg; path = 5GY.jpg; sourceTree = "<group>"; };
		47F328D9248326870051AF47 /* MainSlider.swift */ = {isa = PBXFileReference; lastKnownFileType = sourcecode.swift; path = MainSlider.swift; sourceTree = "<group>"; };
		47F328DB2483349A0051AF47 /* RGBRectangle.swift */ = {isa = PBXFileReference; lastKnownFileType = sourcecode.swift; path = RGBRectangle.swift; sourceTree = "<group>"; };
		47F328DD248351360051AF47 /* SaveButton.swift */ = {isa = PBXFileReference; lastKnownFileType = sourcecode.swift; path = SaveButton.swift; sourceTree = "<group>"; };
		47F328DF2483629E0051AF47 /* ColorSlider.swift */ = {isa = PBXFileReference; lastKnownFileType = sourcecode.swift; path = ColorSlider.swift; sourceTree = "<group>"; };
/* End PBXFileReference section */

/* Begin PBXFrameworksBuildPhase section */
		4753F7832473B1FB00564746 /* Frameworks */ = {
			isa = PBXFrameworksBuildPhase;
			buildActionMask = 2147483647;
			files = (
			);
			runOnlyForDeploymentPostprocessing = 0;
		};
/* End PBXFrameworksBuildPhase section */

/* Begin PBXGroup section */
		4753F77D2473B1FB00564746 = {
			isa = PBXGroup;
			children = (
				4753F7882473B1FB00564746 /* ColorDesignApp */,
				4753F79D2473B23A00564746 /* Resouce */,
			);
			sourceTree = "<group>";
		};
		4753F7872473B1FB00564746 /* Products */ = {
			isa = PBXGroup;
			children = (
				4753F7862473B1FB00564746 /* ColorDesignApp.app */,
			);
			name = Products;
			path = ..;
			sourceTree = "<group>";
		};
		4753F7882473B1FB00564746 /* ColorDesignApp */ = {
			isa = PBXGroup;
			children = (
				4753F7A22473B41500564746 /* Control */,
				4753F7892473B1FB00564746 /* AppDelegate.swift */,
				4753F78B2473B1FB00564746 /* SceneDelegate.swift */,
				47581BE9247A58B50042FFED /* ColorDetail.swift */,
				47F32887247CDEF40051AF47 /* ColorCell.swift */,
				477EE2E0247BC5E400BE6BDD /* ColorValue.swift */,
				477EE2E2247BCA4800BE6BDD /* MunsellColorTable.swift */,
				4753F7AB2473C35800564746 /* ColorTableRow.swift */,
				4753F7F524764F9600564746 /* Main.swift */,
				47F32889247CEF250051AF47 /* Tab.swift */,
				47F3288B247CF0A50051AF47 /* MainList.swift */,
				47F3288F247DFC7B0051AF47 /* ListRow.swift */,
				47F328952481F2C70051AF47 /* Gradation.swift */,
				47F328D9248326870051AF47 /* MainSlider.swift */,
				47F328DB2483349A0051AF47 /* RGBRectangle.swift */,
				47F328DD248351360051AF47 /* SaveButton.swift */,
				47F328DF2483629E0051AF47 /* ColorSlider.swift */,
				4753F78F2473B1FE00564746 /* Assets.xcassets */,
				4753F7942473B1FE00564746 /* LaunchScreen.storyboard */,
				4753F7972473B1FE00564746 /* Info.plist */,
				4753F7912473B1FE00564746 /* Preview Content */,
			);
			path = ColorDesignApp;
			sourceTree = "<group>";
		};
		4753F7912473B1FE00564746 /* Preview Content */ = {
			isa = PBXGroup;
			children = (
				4753F7922473B1FE00564746 /* Preview Assets.xcassets */,
			);
			path = "Preview Content";
			sourceTree = "<group>";
		};
		4753F79D2473B23A00564746 /* Resouce */ = {
			isa = PBXGroup;
			children = (
				4753F7A52473B45300564746 /* jsonData.swift */,
				4753F7A72473B4C900564746 /* colorData.swift */,
				476A010F247891B300982DD9 /* EnvironmentClass.swift */,
				47F32898248231D50051AF47 /* json */,
				47F32897248231C40051AF47 /* Image */,
				4753F7872473B1FB00564746 /* Products */,
			);
			path = Resouce;
			sourceTree = "<group>";
		};
		4753F7A22473B41500564746 /* Control */ = {
			isa = PBXGroup;
			children = (
			);
			path = Control;
			sourceTree = "<group>";
		};
		47F32897248231C40051AF47 /* Image */ = {
			isa = PBXGroup;
			children = (
				47F328A22482326B0051AF47 /* 2.5B.jpg */,
				47F328B22482326C0051AF47 /* 2.5BG.jpg */,
				47F328B32482326C0051AF47 /* 2.5G.jpg */,
				47F3289C2482326B0051AF47 /* 2.5GY.jpg */,
				47F328A12482326B0051AF47 /* 2.5PB.jpg */,
				47F328AE2482326C0051AF47 /* 2.5R.jpg */,
				47F328AD2482326C0051AF47 /* 2.5Y.jpg */,
				47F328AA2482326B0051AF47 /* 2.5YR.jpg */,
				47F328A42482326B0051AF47 /* 5B.jpg */,
				47F328B02482326C0051AF47 /* 5BG.jpg */,
				47F328B42482326C0051AF47 /* 5G.jpg */,
				47F328B82482326C0051AF47 /* 5GY.jpg */,
				47F328B62482326C0051AF47 /* 5PB.jpg */,
				47F328A72482326B0051AF47 /* 5R.jpg */,
				47F328AC2482326C0051AF47 /* 5Y.jpg */,
				47F328AB2482326C0051AF47 /* 5YR.jpg */,
				47F328992482326B0051AF47 /* 7.5B.jpg */,
				47F328A92482326B0051AF47 /* 7.5BG.jpg */,
				47F328A02482326B0051AF47 /* 7.5G.jpg */,
				47F328A32482326B0051AF47 /* 7.5GY.jpg */,
				47F3289E2482326B0051AF47 /* 7.5PB.jpg */,
				47F3289F2482326B0051AF47 /* 7.5R.jpg */,
				47F328A82482326B0051AF47 /* 7.5Y.jpg */,
				47F328A52482326B0051AF47 /* 7.5YR.jpg */,
				47F3289A2482326B0051AF47 /* 10B.jpg */,
				47F3289D2482326B0051AF47 /* 10BG.jpg */,
				47F328B12482326C0051AF47 /* 10G.jpg */,
				47F3289B2482326B0051AF47 /* 10GY.jpg */,
				47F328B52482326C0051AF47 /* 10PB.jpg */,
				47F328B72482326C0051AF47 /* 10R.jpg */,
				47F328AF2482326C0051AF47 /* 10Y.jpg */,
				47F328A62482326B0051AF47 /* 10YR.jpg */,
			);
			path = Image;
			sourceTree = "<group>";
		};
		47F32898248231D50051AF47 /* json */ = {
			isa = PBXGroup;
			children = (
				4753F79E2473B29C00564746 /* R.json */,
				4753F7B52473CD3B00564746 /* YR.json */,
				4753F7BF247423E300564746 /* Y.json */,
				4753F7C12475009000564746 /* GY.json */,
				4753F7C3247529CB00564746 /* G.json */,
				4753F7C5247547C500564746 /* BG.json */,
				4753F7C72475C07E00564746 /* B.json */,
				4753F7C92475FA0D00564746 /* PB.json */,
			);
			path = json;
			sourceTree = "<group>";
		};
/* End PBXGroup section */

/* Begin PBXNativeTarget section */
		4753F7852473B1FB00564746 /* ColorDesignApp */ = {
			isa = PBXNativeTarget;
			buildConfigurationList = 4753F79A2473B1FE00564746 /* Build configuration list for PBXNativeTarget "ColorDesignApp" */;
			buildPhases = (
				4753F7822473B1FB00564746 /* Sources */,
				4753F7832473B1FB00564746 /* Frameworks */,
				4753F7842473B1FB00564746 /* Resources */,
			);
			buildRules = (
			);
			dependencies = (
			);
			name = ColorDesignApp;
			productName = ColorDesignApp;
			productReference = 4753F7862473B1FB00564746 /* ColorDesignApp.app */;
			productType = "com.apple.product-type.application";
		};
/* End PBXNativeTarget section */

/* Begin PBXProject section */
		4753F77E2473B1FB00564746 /* Project object */ = {
			isa = PBXProject;
			attributes = {
				LastSwiftUpdateCheck = 1140;
				LastUpgradeCheck = 1140;
				ORGANIZATIONNAME = "大塚周";
				TargetAttributes = {
					4753F7852473B1FB00564746 = {
						CreatedOnToolsVersion = 11.4.1;
					};
				};
			};
			buildConfigurationList = 4753F7812473B1FB00564746 /* Build configuration list for PBXProject "ColorDesignApp" */;
			compatibilityVersion = "Xcode 9.3";
			developmentRegion = en;
			hasScannedForEncodings = 0;
			knownRegions = (
				en,
				Base,
			);
			mainGroup = 4753F77D2473B1FB00564746;
			productRefGroup = 4753F7872473B1FB00564746 /* Products */;
			projectDirPath = "";
			projectRoot = "";
			targets = (
				4753F7852473B1FB00564746 /* ColorDesignApp */,
			);
		};
/* End PBXProject section */

/* Begin PBXResourcesBuildPhase section */
		4753F7842473B1FB00564746 /* Resources */ = {
			isa = PBXResourcesBuildPhase;
			buildActionMask = 2147483647;
			files = (
				4753F79F2473B29C00564746 /* R.json in Resources */,
				47F328C92482326C0051AF47 /* 7.5BG.jpg in Resources */,
				47F328C62482326C0051AF47 /* 10YR.jpg in Resources */,
				47F328D72482326C0051AF47 /* 10R.jpg in Resources */,
				47F328D42482326C0051AF47 /* 5G.jpg in Resources */,
				4753F7962473B1FE00564746 /* LaunchScreen.storyboard in Resources */,
				47F328C82482326C0051AF47 /* 7.5Y.jpg in Resources */,
				47F328BA2482326C0051AF47 /* 10B.jpg in Resources */,
				47F328D02482326C0051AF47 /* 5BG.jpg in Resources */,
				47F328CB2482326C0051AF47 /* 5YR.jpg in Resources */,
				47F328C52482326C0051AF47 /* 7.5YR.jpg in Resources */,
				47F328C42482326C0051AF47 /* 5B.jpg in Resources */,
				47F328D82482326C0051AF47 /* 5GY.jpg in Resources */,
				47F328BF2482326C0051AF47 /* 7.5R.jpg in Resources */,
				4753F7CA2475FA0D00564746 /* PB.json in Resources */,
				47F328CD2482326C0051AF47 /* 2.5Y.jpg in Resources */,
				47F328C12482326C0051AF47 /* 2.5PB.jpg in Resources */,
				4753F7C4247529CB00564746 /* G.json in Resources */,
				47F328D52482326C0051AF47 /* 10PB.jpg in Resources */,
				47F328C02482326C0051AF47 /* 7.5G.jpg in Resources */,
				4753F7B62473CD3B00564746 /* YR.json in Resources */,
				47F328CF2482326C0051AF47 /* 10Y.jpg in Resources */,
				4753F7C0247423E300564746 /* Y.json in Resources */,
				47F328C32482326C0051AF47 /* 7.5GY.jpg in Resources */,
				47F328C22482326C0051AF47 /* 2.5B.jpg in Resources */,
				47F328D32482326C0051AF47 /* 2.5G.jpg in Resources */,
				47F328BD2482326C0051AF47 /* 10BG.jpg in Resources */,
				4753F7C22475009000564746 /* GY.json in Resources */,
				4753F7932473B1FE00564746 /* Preview Assets.xcassets in Resources */,
				47F328D12482326C0051AF47 /* 10G.jpg in Resources */,
				47F328CC2482326C0051AF47 /* 5Y.jpg in Resources */,
				4753F7C82475C07E00564746 /* B.json in Resources */,
				47F328BC2482326C0051AF47 /* 2.5GY.jpg in Resources */,
				47F328CA2482326C0051AF47 /* 2.5YR.jpg in Resources */,
				47F328BB2482326C0051AF47 /* 10GY.jpg in Resources */,
				47F328B92482326C0051AF47 /* 7.5B.jpg in Resources */,
				47F328CE2482326C0051AF47 /* 2.5R.jpg in Resources */,
				47F328D62482326C0051AF47 /* 5PB.jpg in Resources */,
				47F328BE2482326C0051AF47 /* 7.5PB.jpg in Resources */,
				4753F7902473B1FE00564746 /* Assets.xcassets in Resources */,
				47F328C72482326C0051AF47 /* 5R.jpg in Resources */,
				4753F7C6247547C500564746 /* BG.json in Resources */,
				47F328D22482326C0051AF47 /* 2.5BG.jpg in Resources */,
			);
			runOnlyForDeploymentPostprocessing = 0;
		};
/* End PBXResourcesBuildPhase section */

/* Begin PBXSourcesBuildPhase section */
		4753F7822473B1FB00564746 /* Sources */ = {
			isa = PBXSourcesBuildPhase;
			buildActionMask = 2147483647;
			files = (
				47F328DC2483349A0051AF47 /* RGBRectangle.swift in Sources */,
				4753F78A2473B1FB00564746 /* AppDelegate.swift in Sources */,
				47F328E02483629E0051AF47 /* ColorSlider.swift in Sources */,
				47F3288C247CF0A50051AF47 /* MainList.swift in Sources */,
				47F32888247CDEF40051AF47 /* ColorCell.swift in Sources */,
				47F328962481F2C70051AF47 /* Gradation.swift in Sources */,
				4753F78C2473B1FB00564746 /* SceneDelegate.swift in Sources */,
				47F328DA248326870051AF47 /* MainSlider.swift in Sources */,
				4753F7F624764F9600564746 /* Main.swift in Sources */,
				4753F7A82473B4C900564746 /* colorData.swift in Sources */,
				477EE2E1247BC5E400BE6BDD /* ColorValue.swift in Sources */,
				477EE2E3247BCA4800BE6BDD /* MunsellColorTable.swift in Sources */,
				476A0110247891B300982DD9 /* EnvironmentClass.swift in Sources */,
				4753F7A62473B45300564746 /* jsonData.swift in Sources */,
				4753F7AC2473C35800564746 /* ColorTableRow.swift in Sources */,
				47F328DE248351360051AF47 /* SaveButton.swift in Sources */,
				47F3288A247CEF250051AF47 /* Tab.swift in Sources */,
				47581BEA247A58B50042FFED /* ColorDetail.swift in Sources */,
				47F32890247DFC7B0051AF47 /* ListRow.swift in Sources */,
			);
			runOnlyForDeploymentPostprocessing = 0;
		};
/* End PBXSourcesBuildPhase section */

/* Begin PBXVariantGroup section */
		4753F7942473B1FE00564746 /* LaunchScreen.storyboard */ = {
			isa = PBXVariantGroup;
			children = (
				4753F7952473B1FE00564746 /* Base */,
			);
			name = LaunchScreen.storyboard;
			sourceTree = "<group>";
		};
/* End PBXVariantGroup section */

/* Begin XCBuildConfiguration section */
		4753F7982473B1FE00564746 /* Debug */ = {
			isa = XCBuildConfiguration;
			buildSettings = {
				ALWAYS_SEARCH_USER_PATHS = NO;
				CLANG_ANALYZER_NONNULL = YES;
				CLANG_ANALYZER_NUMBER_OBJECT_CONVERSION = YES_AGGRESSIVE;
				CLANG_CXX_LANGUAGE_STANDARD = "gnu++14";
				CLANG_CXX_LIBRARY = "libc++";
				CLANG_ENABLE_MODULES = YES;
				CLANG_ENABLE_OBJC_ARC = YES;
				CLANG_ENABLE_OBJC_WEAK = YES;
				CLANG_WARN_BLOCK_CAPTURE_AUTORELEASING = YES;
				CLANG_WARN_BOOL_CONVERSION = YES;
				CLANG_WARN_COMMA = YES;
				CLANG_WARN_CONSTANT_CONVERSION = YES;
				CLANG_WARN_DEPRECATED_OBJC_IMPLEMENTATIONS = YES;
				CLANG_WARN_DIRECT_OBJC_ISA_USAGE = YES_ERROR;
				CLANG_WARN_DOCUMENTATION_COMMENTS = YES;
				CLANG_WARN_EMPTY_BODY = YES;
				CLANG_WARN_ENUM_CONVERSION = YES;
				CLANG_WARN_INFINITE_RECURSION = YES;
				CLANG_WARN_INT_CONVERSION = YES;
				CLANG_WARN_NON_LITERAL_NULL_CONVERSION = YES;
				CLANG_WARN_OBJC_IMPLICIT_RETAIN_SELF = YES;
				CLANG_WARN_OBJC_LITERAL_CONVERSION = YES;
				CLANG_WARN_OBJC_ROOT_CLASS = YES_ERROR;
				CLANG_WARN_RANGE_LOOP_ANALYSIS = YES;
				CLANG_WARN_STRICT_PROTOTYPES = YES;
				CLANG_WARN_SUSPICIOUS_MOVE = YES;
				CLANG_WARN_UNGUARDED_AVAILABILITY = YES_AGGRESSIVE;
				CLANG_WARN_UNREACHABLE_CODE = YES;
				CLANG_WARN__DUPLICATE_METHOD_MATCH = YES;
				COPY_PHASE_STRIP = NO;
				DEBUG_INFORMATION_FORMAT = dwarf;
				ENABLE_STRICT_OBJC_MSGSEND = YES;
				ENABLE_TESTABILITY = YES;
				GCC_C_LANGUAGE_STANDARD = gnu11;
				GCC_DYNAMIC_NO_PIC = NO;
				GCC_NO_COMMON_BLOCKS = YES;
				GCC_OPTIMIZATION_LEVEL = 0;
				GCC_PREPROCESSOR_DEFINITIONS = (
					"DEBUG=1",
					"$(inherited)",
				);
				GCC_WARN_64_TO_32_BIT_CONVERSION = YES;
				GCC_WARN_ABOUT_RETURN_TYPE = YES_ERROR;
				GCC_WARN_UNDECLARED_SELECTOR = YES;
				GCC_WARN_UNINITIALIZED_AUTOS = YES_AGGRESSIVE;
				GCC_WARN_UNUSED_FUNCTION = YES;
				GCC_WARN_UNUSED_VARIABLE = YES;
				IPHONEOS_DEPLOYMENT_TARGET = 13.4;
				MTL_ENABLE_DEBUG_INFO = INCLUDE_SOURCE;
				MTL_FAST_MATH = YES;
				ONLY_ACTIVE_ARCH = YES;
				SDKROOT = iphoneos;
				SWIFT_ACTIVE_COMPILATION_CONDITIONS = DEBUG;
				SWIFT_OPTIMIZATION_LEVEL = "-Onone";
			};
			name = Debug;
		};
		4753F7992473B1FE00564746 /* Release */ = {
			isa = XCBuildConfiguration;
			buildSettings = {
				ALWAYS_SEARCH_USER_PATHS = NO;
				CLANG_ANALYZER_NONNULL = YES;
				CLANG_ANALYZER_NUMBER_OBJECT_CONVERSION = YES_AGGRESSIVE;
				CLANG_CXX_LANGUAGE_STANDARD = "gnu++14";
				CLANG_CXX_LIBRARY = "libc++";
				CLANG_ENABLE_MODULES = YES;
				CLANG_ENABLE_OBJC_ARC = YES;
				CLANG_ENABLE_OBJC_WEAK = YES;
				CLANG_WARN_BLOCK_CAPTURE_AUTORELEASING = YES;
				CLANG_WARN_BOOL_CONVERSION = YES;
				CLANG_WARN_COMMA = YES;
				CLANG_WARN_CONSTANT_CONVERSION = YES;
				CLANG_WARN_DEPRECATED_OBJC_IMPLEMENTATIONS = YES;
				CLANG_WARN_DIRECT_OBJC_ISA_USAGE = YES_ERROR;
				CLANG_WARN_DOCUMENTATION_COMMENTS = YES;
				CLANG_WARN_EMPTY_BODY = YES;
				CLANG_WARN_ENUM_CONVERSION = YES;
				CLANG_WARN_INFINITE_RECURSION = YES;
				CLANG_WARN_INT_CONVERSION = YES;
				CLANG_WARN_NON_LITERAL_NULL_CONVERSION = YES;
				CLANG_WARN_OBJC_IMPLICIT_RETAIN_SELF = YES;
				CLANG_WARN_OBJC_LITERAL_CONVERSION = YES;
				CLANG_WARN_OBJC_ROOT_CLASS = YES_ERROR;
				CLANG_WARN_RANGE_LOOP_ANALYSIS = YES;
				CLANG_WARN_STRICT_PROTOTYPES = YES;
				CLANG_WARN_SUSPICIOUS_MOVE = YES;
				CLANG_WARN_UNGUARDED_AVAILABILITY = YES_AGGRESSIVE;
				CLANG_WARN_UNREACHABLE_CODE = YES;
				CLANG_WARN__DUPLICATE_METHOD_MATCH = YES;
				COPY_PHASE_STRIP = NO;
				DEBUG_INFORMATION_FORMAT = "dwarf-with-dsym";
				ENABLE_NS_ASSERTIONS = NO;
				ENABLE_STRICT_OBJC_MSGSEND = YES;
				GCC_C_LANGUAGE_STANDARD = gnu11;
				GCC_NO_COMMON_BLOCKS = YES;
				GCC_WARN_64_TO_32_BIT_CONVERSION = YES;
				GCC_WARN_ABOUT_RETURN_TYPE = YES_ERROR;
				GCC_WARN_UNDECLARED_SELECTOR = YES;
				GCC_WARN_UNINITIALIZED_AUTOS = YES_AGGRESSIVE;
				GCC_WARN_UNUSED_FUNCTION = YES;
				GCC_WARN_UNUSED_VARIABLE = YES;
				IPHONEOS_DEPLOYMENT_TARGET = 13.4;
				MTL_ENABLE_DEBUG_INFO = NO;
				MTL_FAST_MATH = YES;
				SDKROOT = iphoneos;
				SWIFT_COMPILATION_MODE = wholemodule;
				SWIFT_OPTIMIZATION_LEVEL = "-O";
				VALIDATE_PRODUCT = YES;
			};
			name = Release;
		};
		4753F79B2473B1FE00564746 /* Debug */ = {
			isa = XCBuildConfiguration;
			buildSettings = {
				ASSETCATALOG_COMPILER_APPICON_NAME = AppIcon;
				CODE_SIGN_STYLE = Automatic;
				DEVELOPMENT_ASSET_PATHS = "\"ColorDesignApp/Preview Content\"";
				DEVELOPMENT_TEAM = B75CP82UAG;
				ENABLE_PREVIEWS = YES;
				INFOPLIST_FILE = ColorDesignApp/Info.plist;
				LD_RUNPATH_SEARCH_PATHS = (
					"$(inherited)",
					"@executable_path/Frameworks",
				);
				PRODUCT_BUNDLE_IDENTIFIER = otsuka.amane.ColorDesignApp;
				PRODUCT_NAME = "$(TARGET_NAME)";
				SWIFT_VERSION = 5.0;
				TARGETED_DEVICE_FAMILY = "1,2";
			};
			name = Debug;
		};
		4753F79C2473B1FE00564746 /* Release */ = {
			isa = XCBuildConfiguration;
			buildSettings = {
				ASSETCATALOG_COMPILER_APPICON_NAME = AppIcon;
				CODE_SIGN_STYLE = Automatic;
				DEVELOPMENT_ASSET_PATHS = "\"ColorDesignApp/Preview Content\"";
				DEVELOPMENT_TEAM = B75CP82UAG;
				ENABLE_PREVIEWS = YES;
				INFOPLIST_FILE = ColorDesignApp/Info.plist;
				LD_RUNPATH_SEARCH_PATHS = (
					"$(inherited)",
					"@executable_path/Frameworks",
				);
				PRODUCT_BUNDLE_IDENTIFIER = otsuka.amane.ColorDesignApp;
				PRODUCT_NAME = "$(TARGET_NAME)";
				SWIFT_VERSION = 5.0;
				TARGETED_DEVICE_FAMILY = "1,2";
			};
			name = Release;
		};
/* End XCBuildConfiguration section */

/* Begin XCConfigurationList section */
		4753F7812473B1FB00564746 /* Build configuration list for PBXProject "ColorDesignApp" */ = {
			isa = XCConfigurationList;
			buildConfigurations = (
				4753F7982473B1FE00564746 /* Debug */,
				4753F7992473B1FE00564746 /* Release */,
			);
			defaultConfigurationIsVisible = 0;
			defaultConfigurationName = Release;
		};
		4753F79A2473B1FE00564746 /* Build configuration list for PBXNativeTarget "ColorDesignApp" */ = {
			isa = XCConfigurationList;
			buildConfigurations = (
				4753F79B2473B1FE00564746 /* Debug */,
				4753F79C2473B1FE00564746 /* Release */,
			);
			defaultConfigurationIsVisible = 0;
			defaultConfigurationName = Release;
		};
/* End XCConfigurationList section */
	};
	rootObject = 4753F77E2473B1FB00564746 /* Project object */;
}
